
Microsoft Visual Studio Solution File, Format Version 12.00
# Visual Studio Version 17
VisualStudioVersion = 17.1.32210.238
MinimumVisualStudioVersion = 10.0.40219.1
Project("{FAE04EC0-301F-11D3-BF4B-00C04F79EFBC}") = "bai_2", "bai_2.csproj", "{36998737-A691-47DF-AECC-F50187D1A086}"
EndProject
Global
	GlobalSection(SolutionConfigurationPlatforms) = preSolution
		Debug|Any CPU = Debug|Any CPU
		Release|Any CPU = Release|Any CPU
	EndGlobalSection
	GlobalSection(ProjectConfigurationPlatforms) = postSolution
		{36998737-A691-47DF-AECC-F50187D1A086}.Debug|Any CPU.ActiveCfg = Debug|Any CPU
		{36998737-A691-47DF-AECC-F50187D1A086}.Debug|Any CPU.Build.0 = Debug|Any CPU
		{36998737-A691-47DF-AECC-F50187D1A086}.Release|Any CPU.ActiveCfg = Release|Any CPU
		{36998737-A691-47DF-AECC-F50187D1A086}.Release|Any CPU.Build.0 = Release|Any CPU
	EndGlobalSection
	GlobalSection(SolutionProperties) = preSolution
		HideSolutionNode = FALSE
	EndGlobalSection
	GlobalSection(ExtensibilityGlobals) = postSolution
		SolutionGuid = {EC5720AA-9B9D-49FB-8804-2C340EFD40B3}
	EndGlobalSection
EndGlobal
